
Microsoft Visual Studio Solution File, Format Version 12.00
# Visual Studio Version 17
VisualStudioVersion = 17.6.33815.320
MinimumVisualStudioVersion = 10.0.40219.1
Project("{9A19103F-16F7-4668-BE54-9A1E7A4F7556}") = "Lab 2 - 2910", "Lab 1 - 2910\Lab 2 - 2910.csproj", "{08852B5A-8EC7-4836-B4F8-2849618CFDAA}"
EndProject
Global
	GlobalSection(SolutionConfigurationPlatforms) = preSolution
		Debug|Any CPU = Debug|Any CPU
		Release|Any CPU = Release|Any CPU
	EndGlobalSection
	GlobalSection(ProjectConfigurationPlatforms) = postSolution
		{08852B5A-8EC7-4836-B4F8-2849618CFDAA}.Debug|Any CPU.ActiveCfg = Debug|Any CPU
		{08852B5A-8EC7-4836-B4F8-2849618CFDAA}.Debug|Any CPU.Build.0 = Debug|Any CPU
		{08852B5A-8EC7-4836-B4F8-2849618CFDAA}.Release|Any CPU.ActiveCfg = Release|Any CPU
		{08852B5A-8EC7-4836-B4F8-2849618CFDAA}.Release|Any CPU.Build.0 = Release|Any CPU
	EndGlobalSection
	GlobalSection(SolutionProperties) = preSolution
		HideSolutionNode = FALSE
	EndGlobalSection
	GlobalSection(ExtensibilityGlobals) = postSolution
		SolutionGuid = {BCC38BC6-F0A6-4006-AD6B-003EC946325B}
	EndGlobalSection
EndGlobal
